
Microsoft Visual Studio Solution File, Format Version 12.00
# Visual Studio 14
VisualStudioVersion = 14.0.25420.1
MinimumVisualStudioVersion = 10.0.40219.1
Project("{FAE04EC0-301F-11D3-BF4B-00C04F79EFBC}") = "G2CrowdRoster", "G2CrowdRoster\G2CrowdRoster.csproj", "{430588EA-F3B2-4071-84DE-F1634723CA95}"
EndProject
Project("{FAE04EC0-301F-11D3-BF4B-00C04F79EFBC}") = "G2Crowd.Tests", "G2Crowd.Tests\G2Crowd.Tests.csproj", "{C4A2CA3A-DC79-41E9-85A5-ACB054255090}"
EndProject
Global
	GlobalSection(SolutionConfigurationPlatforms) = preSolution
		Debug|Any CPU = Debug|Any CPU
		Release|Any CPU = Release|Any CPU
	EndGlobalSection
	GlobalSection(ProjectConfigurationPlatforms) = postSolution
		{430588EA-F3B2-4071-84DE-F1634723CA95}.Debug|Any CPU.ActiveCfg = Debug|Any CPU
		{430588EA-F3B2-4071-84DE-F1634723CA95}.Debug|Any CPU.Build.0 = Debug|Any CPU
		{430588EA-F3B2-4071-84DE-F1634723CA95}.Release|Any CPU.ActiveCfg = Release|Any CPU
		{430588EA-F3B2-4071-84DE-F1634723CA95}.Release|Any CPU.Build.0 = Release|Any CPU
		{C4A2CA3A-DC79-41E9-85A5-ACB054255090}.Debug|Any CPU.ActiveCfg = Debug|Any CPU
		{C4A2CA3A-DC79-41E9-85A5-ACB054255090}.Debug|Any CPU.Build.0 = Debug|Any CPU
		{C4A2CA3A-DC79-41E9-85A5-ACB054255090}.Release|Any CPU.ActiveCfg = Release|Any CPU
		{C4A2CA3A-DC79-41E9-85A5-ACB054255090}.Release|Any CPU.Build.0 = Release|Any CPU
	EndGlobalSection
	GlobalSection(SolutionProperties) = preSolution
		HideSolutionNode = FALSE
	EndGlobalSection
EndGlobal
